// !$*UTF8*$!
{
	archiveVersion = 1;
	classes = {
	};
	objectVersion = 50;
	objects = {

/* Begin PBXBuildFile section */
		8D2BEB61225EE130006E345B /* AppDelegate.swift in Sources */ = {isa = PBXBuildFile; fileRef = 8D2BEB60225EE130006E345B /* AppDelegate.swift */; };
		8D2BEB66225EE130006E345B /* Main.storyboard in Resources */ = {isa = PBXBuildFile; fileRef = 8D2BEB64225EE130006E345B /* Main.storyboard */; };
		8D2BEB68225EE131006E345B /* Assets.xcassets in Resources */ = {isa = PBXBuildFile; fileRef = 8D2BEB67225EE131006E345B /* Assets.xcassets */; };
		8D2BEB6B225EE131006E345B /* LaunchScreen.storyboard in Resources */ = {isa = PBXBuildFile; fileRef = 8D2BEB69225EE131006E345B /* LaunchScreen.storyboard */; };
		8D2BEB80225F01FB006E345B /* Live.storyboard in Resources */ = {isa = PBXBuildFile; fileRef = 8D2BEB7E225F01FB006E345B /* Live.storyboard */; };
		8D2BEB82225F02E7006E345B /* Home.storyboard in Resources */ = {isa = PBXBuildFile; fileRef = 8D2BEB81225F02E7006E345B /* Home.storyboard */; };
		8D2BEB85225F031D006E345B /* Follow.storyboard in Resources */ = {isa = PBXBuildFile; fileRef = 8D2BEB83225F031D006E345B /* Follow.storyboard */; };
		8D2BEB87225F0342006E345B /* Profire.storyboard in Resources */ = {isa = PBXBuildFile; fileRef = 8D2BEB86225F0342006E345B /* Profire.storyboard */; };
		8D2BEB89225F0428006E345B /* MainViewController.swift in Sources */ = {isa = PBXBuildFile; fileRef = 8D2BEB88225F0428006E345B /* MainViewController.swift */; };
		8D2BEB91225F0D4F006E345B /* HomeViewController.swift in Sources */ = {isa = PBXBuildFile; fileRef = 8D2BEB90225F0D4F006E345B /* HomeViewController.swift */; };
		8D2BEB94225F126E006E345B /* UIBarButtonItem-Extension.swift in Sources */ = {isa = PBXBuildFile; fileRef = 8D2BEB93225F126E006E345B /* UIBarButtonItem-Extension.swift */; };
/* End PBXBuildFile section */

/* Begin PBXFileReference section */
		8D2BEB5D225EE130006E345B /* DYZB.app */ = {isa = PBXFileReference; explicitFileType = wrapper.application; includeInIndex = 0; path = DYZB.app; sourceTree = BUILT_PRODUCTS_DIR; };
		8D2BEB60225EE130006E345B /* AppDelegate.swift */ = {isa = PBXFileReference; lastKnownFileType = sourcecode.swift; path = AppDelegate.swift; sourceTree = "<group>"; };
		8D2BEB65225EE130006E345B /* Base */ = {isa = PBXFileReference; lastKnownFileType = file.storyboard; name = Base; path = Base.lproj/Main.storyboard; sourceTree = "<group>"; };
		8D2BEB67225EE131006E345B /* Assets.xcassets */ = {isa = PBXFileReference; lastKnownFileType = folder.assetcatalog; path = Assets.xcassets; sourceTree = "<group>"; };
		8D2BEB6A225EE131006E345B /* Base */ = {isa = PBXFileReference; lastKnownFileType = file.storyboard; name = Base; path = Base.lproj/LaunchScreen.storyboard; sourceTree = "<group>"; };
		8D2BEB6C225EE131006E345B /* Info.plist */ = {isa = PBXFileReference; lastKnownFileType = text.plist.xml; path = Info.plist; sourceTree = "<group>"; };
		8D2BEB7F225F01FB006E345B /* Base */ = {isa = PBXFileReference; lastKnownFileType = file.storyboard; name = Base; path = DYZB/Classes/Main/Base.lproj/Live.storyboard; sourceTree = "<group>"; };
		8D2BEB81225F02E7006E345B /* Home.storyboard */ = {isa = PBXFileReference; fileEncoding = 4; lastKnownFileType = file.storyboard; path = Home.storyboard; sourceTree = "<group>"; };
		8D2BEB84225F031D006E345B /* Base */ = {isa = PBXFileReference; lastKnownFileType = file.storyboard; name = Base; path = DYZB/Classes/Main/Base.lproj/Follow.storyboard; sourceTree = "<group>"; };
		8D2BEB86225F0342006E345B /* Profire.storyboard */ = {isa = PBXFileReference; fileEncoding = 4; lastKnownFileType = file.storyboard; path = Profire.storyboard; sourceTree = "<group>"; };
		8D2BEB88225F0428006E345B /* MainViewController.swift */ = {isa = PBXFileReference; lastKnownFileType = sourcecode.swift; path = MainViewController.swift; sourceTree = "<group>"; };
		8D2BEB90225F0D4F006E345B /* HomeViewController.swift */ = {isa = PBXFileReference; lastKnownFileType = sourcecode.swift; path = HomeViewController.swift; sourceTree = "<group>"; };
		8D2BEB93225F126E006E345B /* UIBarButtonItem-Extension.swift */ = {isa = PBXFileReference; lastKnownFileType = sourcecode.swift; path = "UIBarButtonItem-Extension.swift"; sourceTree = "<group>"; };
/* End PBXFileReference section */

/* Begin PBXFrameworksBuildPhase section */
		8D2BEB5A225EE12F006E345B /* Frameworks */ = {
			isa = PBXFrameworksBuildPhase;
			buildActionMask = 2147483647;
			files = (
			);
			runOnlyForDeploymentPostprocessing = 0;
		};
/* End PBXFrameworksBuildPhase section */

/* Begin PBXGroup section */
		8D2BEB54225EE12F006E345B = {
			isa = PBXGroup;
			children = (
				8D2BEB5F225EE130006E345B /* DYZB */,
				8D2BEB5E225EE130006E345B /* Products */,
			);
			sourceTree = "<group>";
		};
		8D2BEB5E225EE130006E345B /* Products */ = {
			isa = PBXGroup;
			children = (
				8D2BEB5D225EE130006E345B /* DYZB.app */,
			);
			name = Products;
			sourceTree = "<group>";
		};
		8D2BEB5F225EE130006E345B /* DYZB */ = {
			isa = PBXGroup;
			children = (
				8D2BEB72225EF84F006E345B /* Classes */,
				8D2BEB60225EE130006E345B /* AppDelegate.swift */,
				8D2BEB67225EE131006E345B /* Assets.xcassets */,
				8D2BEB69225EE131006E345B /* LaunchScreen.storyboard */,
				8D2BEB6C225EE131006E345B /* Info.plist */,
			);
			path = DYZB;
			sourceTree = "<group>";
		};
		8D2BEB72225EF84F006E345B /* Classes */ = {
			isa = PBXGroup;
			children = (
				8D2BEB78225EF84F006E345B /* Main */,
				8D2BEB73225EF84F006E345B /* Home */,
				8D2BEB77225EF84F006E345B /* Live */,
				8D2BEB75225EF84F006E345B /* Follow */,
				8D2BEB76225EF84F006E345B /* Profile */,
				8D2BEB74225EF84F006E345B /* Tools */,
			);
			path = Classes;
			sourceTree = "<group>";
		};
		8D2BEB73225EF84F006E345B /* Home */ = {
			isa = PBXGroup;
			children = (
				8D2BEB8A225F0C63006E345B /* Model */,
				8D2BEB8C225F0C63006E345B /* View */,
				8D2BEB8B225F0C63006E345B /* Controller */,
			);
			path = Home;
			sourceTree = "<group>";
		};
		8D2BEB74225EF84F006E345B /* Tools */ = {
			isa = PBXGroup;
			children = (
				8D2BEB92225F1211006E345B /* Extension */,
			);
			path = Tools;
			sourceTree = "<group>";
		};
		8D2BEB75225EF84F006E345B /* Follow */ = {
			isa = PBXGroup;
			children = (
				8D2BEB83225F031D006E345B /* Follow.storyboard */,
			);
			path = Follow;
			sourceTree = "<group>";
		};
		8D2BEB76225EF84F006E345B /* Profile */ = {
			isa = PBXGroup;
			children = (
				8D2BEB86225F0342006E345B /* Profire.storyboard */,
			);
			path = Profile;
			sourceTree = "<group>";
		};
		8D2BEB77225EF84F006E345B /* Live */ = {
			isa = PBXGroup;
			children = (
				8D2BEB7E225F01FB006E345B /* Live.storyboard */,
			);
			path = Live;
			sourceTree = "<group>";
		};
		8D2BEB78225EF84F006E345B /* Main */ = {
			isa = PBXGroup;
			children = (
				8D2BEB8F225F0CBE006E345B /* Model */,
				8D2BEB8E225F0CBE006E345B /* View */,
				8D2BEB8D225F0CBE006E345B /* Controller */,
			);
			path = Main;
			sourceTree = "<group>";
		};
		8D2BEB8A225F0C63006E345B /* Model */ = {
			isa = PBXGroup;
			children = (
			);
			path = Model;
			sourceTree = "<group>";
		};
		8D2BEB8B225F0C63006E345B /* Controller */ = {
			isa = PBXGroup;
			children = (
				8D2BEB81225F02E7006E345B /* Home.storyboard */,
				8D2BEB90225F0D4F006E345B /* HomeViewController.swift */,
			);
			path = Controller;
			sourceTree = "<group>";
		};
		8D2BEB8C225F0C63006E345B /* View */ = {
			isa = PBXGroup;
			children = (
			);
			path = View;
			sourceTree = "<group>";
		};
		8D2BEB8D225F0CBE006E345B /* Controller */ = {
			isa = PBXGroup;
			children = (
				8D2BEB64225EE130006E345B /* Main.storyboard */,
				8D2BEB88225F0428006E345B /* MainViewController.swift */,
			);
			path = Controller;
			sourceTree = "<group>";
		};
		8D2BEB8E225F0CBE006E345B /* View */ = {
			isa = PBXGroup;
			children = (
			);
			path = View;
			sourceTree = "<group>";
		};
		8D2BEB8F225F0CBE006E345B /* Model */ = {
			isa = PBXGroup;
			children = (
			);
			path = Model;
			sourceTree = "<group>";
		};
		8D2BEB92225F1211006E345B /* Extension */ = {
			isa = PBXGroup;
			children = (
				8D2BEB93225F126E006E345B /* UIBarButtonItem-Extension.swift */,
			);
			path = Extension;
			sourceTree = "<group>";
		};
/* End PBXGroup section */

/* Begin PBXNativeTarget section */
		8D2BEB5C225EE12F006E345B /* DYZB */ = {
			isa = PBXNativeTarget;
			buildConfigurationList = 8D2BEB6F225EE131006E345B /* Build configuration list for PBXNativeTarget "DYZB" */;
			buildPhases = (
				8D2BEB59225EE12F006E345B /* Sources */,
				8D2BEB5A225EE12F006E345B /* Frameworks */,
				8D2BEB5B225EE12F006E345B /* Resources */,
			);
			buildRules = (
			);
			dependencies = (
			);
			name = DYZB;
			productName = DYZB;
			productReference = 8D2BEB5D225EE130006E345B /* DYZB.app */;
			productType = "com.apple.product-type.application";
		};
/* End PBXNativeTarget section */

/* Begin PBXProject section */
		8D2BEB55225EE12F006E345B /* Project object */ = {
			isa = PBXProject;
			attributes = {
				LastSwiftUpdateCheck = 1020;
				LastUpgradeCheck = 1020;
				ORGANIZATIONNAME = ShareBonusNetWork;
				TargetAttributes = {
					8D2BEB5C225EE12F006E345B = {
						CreatedOnToolsVersion = 10.2;
					};
				};
			};
			buildConfigurationList = 8D2BEB58225EE12F006E345B /* Build configuration list for PBXProject "DYZB" */;
			compatibilityVersion = "Xcode 9.3";
			developmentRegion = en;
			hasScannedForEncodings = 0;
			knownRegions = (
				en,
				Base,
			);
			mainGroup = 8D2BEB54225EE12F006E345B;
			productRefGroup = 8D2BEB5E225EE130006E345B /* Products */;
			projectDirPath = "";
			projectRoot = "";
			targets = (
				8D2BEB5C225EE12F006E345B /* DYZB */,
			);
		};
/* End PBXProject section */

/* Begin PBXResourcesBuildPhase section */
		8D2BEB5B225EE12F006E345B /* Resources */ = {
			isa = PBXResourcesBuildPhase;
			buildActionMask = 2147483647;
			files = (
				8D2BEB6B225EE131006E345B /* LaunchScreen.storyboard in Resources */,
				8D2BEB82225F02E7006E345B /* Home.storyboard in Resources */,
				8D2BEB87225F0342006E345B /* Profire.storyboard in Resources */,
				8D2BEB68225EE131006E345B /* Assets.xcassets in Resources */,
				8D2BEB66225EE130006E345B /* Main.storyboard in Resources */,
				8D2BEB80225F01FB006E345B /* Live.storyboard in Resources */,
				8D2BEB85225F031D006E345B /* Follow.storyboard in Resources */,
			);
			runOnlyForDeploymentPostprocessing = 0;
		};
/* End PBXResourcesBuildPhase section */

/* Begin PBXSourcesBuildPhase section */
		8D2BEB59225EE12F006E345B /* Sources */ = {
			isa = PBXSourcesBuildPhase;
			buildActionMask = 2147483647;
			files = (
				8D2BEB61225EE130006E345B /* AppDelegate.swift in Sources */,
				8D2BEB89225F0428006E345B /* MainViewController.swift in Sources */,
				8D2BEB94225F126E006E345B /* UIBarButtonItem-Extension.swift in Sources */,
				8D2BEB91225F0D4F006E345B /* HomeViewController.swift in Sources */,
			);
			runOnlyForDeploymentPostprocessing = 0;
		};
/* End PBXSourcesBuildPhase section */

/* Begin PBXVariantGroup section */
		8D2BEB64225EE130006E345B /* Main.storyboard */ = {
			isa = PBXVariantGroup;
			children = (
				8D2BEB65225EE130006E345B /* Base */,
			);
			name = Main.storyboard;
			sourceTree = "<group>";
		};
		8D2BEB69225EE131006E345B /* LaunchScreen.storyboard */ = {
			isa = PBXVariantGroup;
			children = (
				8D2BEB6A225EE131006E345B /* Base */,
			);
			name = LaunchScreen.storyboard;
			sourceTree = "<group>";
		};
		8D2BEB7E225F01FB006E345B /* Live.storyboard */ = {
			isa = PBXVariantGroup;
			children = (
				8D2BEB7F225F01FB006E345B /* Base */,
			);
			name = Live.storyboard;
			sourceTree = "<group>";
		};
		8D2BEB83225F031D006E345B /* Follow.storyboard */ = {
			isa = PBXVariantGroup;
			children = (
				8D2BEB84225F031D006E345B /* Base */,
			);
			name = Follow.storyboard;
			sourceTree = "<group>";
		};
/* End PBXVariantGroup section */

/* Begin XCBuildConfiguration section */
		8D2BEB6D225EE131006E345B /* Debug */ = {
			isa = XCBuildConfiguration;
			buildSettings = {
				ALWAYS_SEARCH_USER_PATHS = NO;
				CLANG_ANALYZER_NONNULL = YES;
				CLANG_ANALYZER_NUMBER_OBJECT_CONVERSION = YES_AGGRESSIVE;
				CLANG_CXX_LANGUAGE_STANDARD = "gnu++14";
				CLANG_CXX_LIBRARY = "libc++";
				CLANG_ENABLE_MODULES = YES;
				CLANG_ENABLE_OBJC_ARC = YES;
				CLANG_ENABLE_OBJC_WEAK = YES;
				CLANG_WARN_BLOCK_CAPTURE_AUTORELEASING = YES;
				CLANG_WARN_BOOL_CONVERSION = YES;
				CLANG_WARN_COMMA = YES;
				CLANG_WARN_CONSTANT_CONVERSION = YES;
				CLANG_WARN_DEPRECATED_OBJC_IMPLEMENTATIONS = YES;
				CLANG_WARN_DIRECT_OBJC_ISA_USAGE = YES_ERROR;
				CLANG_WARN_DOCUMENTATION_COMMENTS = YES;
				CLANG_WARN_EMPTY_BODY = YES;
				CLANG_WARN_ENUM_CONVERSION = YES;
				CLANG_WARN_INFINITE_RECURSION = YES;
				CLANG_WARN_INT_CONVERSION = YES;
				CLANG_WARN_NON_LITERAL_NULL_CONVERSION = YES;
				CLANG_WARN_OBJC_IMPLICIT_RETAIN_SELF = YES;
				CLANG_WARN_OBJC_LITERAL_CONVERSION = YES;
				CLANG_WARN_OBJC_ROOT_CLASS = YES_ERROR;
				CLANG_WARN_RANGE_LOOP_ANALYSIS = YES;
				CLANG_WARN_STRICT_PROTOTYPES = YES;
				CLANG_WARN_SUSPICIOUS_MOVE = YES;
				CLANG_WARN_UNGUARDED_AVAILABILITY = YES_AGGRESSIVE;
				CLANG_WARN_UNREACHABLE_CODE = YES;
				CLANG_WARN__DUPLICATE_METHOD_MATCH = YES;
				CODE_SIGN_IDENTITY = "iPhone Developer";
				COPY_PHASE_STRIP = NO;
				DEBUG_INFORMATION_FORMAT = dwarf;
				ENABLE_STRICT_OBJC_MSGSEND = YES;
				ENABLE_TESTABILITY = YES;
				GCC_C_LANGUAGE_STANDARD = gnu11;
				GCC_DYNAMIC_NO_PIC = NO;
				GCC_NO_COMMON_BLOCKS = YES;
				GCC_OPTIMIZATION_LEVEL = 0;
				GCC_PREPROCESSOR_DEFINITIONS = (
					"DEBUG=1",
					"$(inherited)",
				);
				GCC_WARN_64_TO_32_BIT_CONVERSION = YES;
				GCC_WARN_ABOUT_RETURN_TYPE = YES_ERROR;
				GCC_WARN_UNDECLARED_SELECTOR = YES;
				GCC_WARN_UNINITIALIZED_AUTOS = YES_AGGRESSIVE;
				GCC_WARN_UNUSED_FUNCTION = YES;
				GCC_WARN_UNUSED_VARIABLE = YES;
				IPHONEOS_DEPLOYMENT_TARGET = 12.2;
				MTL_ENABLE_DEBUG_INFO = INCLUDE_SOURCE;
				MTL_FAST_MATH = YES;
				ONLY_ACTIVE_ARCH = YES;
				SDKROOT = iphoneos;
				SWIFT_ACTIVE_COMPILATION_CONDITIONS = DEBUG;
				SWIFT_OPTIMIZATION_LEVEL = "-Onone";
			};
			name = Debug;
		};
		8D2BEB6E225EE131006E345B /* Release */ = {
			isa = XCBuildConfiguration;
			buildSettings = {
				ALWAYS_SEARCH_USER_PATHS = NO;
				CLANG_ANALYZER_NONNULL = YES;
				CLANG_ANALYZER_NUMBER_OBJECT_CONVERSION = YES_AGGRESSIVE;
				CLANG_CXX_LANGUAGE_STANDARD = "gnu++14";
				CLANG_CXX_LIBRARY = "libc++";
				CLANG_ENABLE_MODULES = YES;
				CLANG_ENABLE_OBJC_ARC = YES;
				CLANG_ENABLE_OBJC_WEAK = YES;
				CLANG_WARN_BLOCK_CAPTURE_AUTORELEASING = YES;
				CLANG_WARN_BOOL_CONVERSION = YES;
				CLANG_WARN_COMMA = YES;
				CLANG_WARN_CONSTANT_CONVERSION = YES;
				CLANG_WARN_DEPRECATED_OBJC_IMPLEMENTATIONS = YES;
				CLANG_WARN_DIRECT_OBJC_ISA_USAGE = YES_ERROR;
				CLANG_WARN_DOCUMENTATION_COMMENTS = YES;
				CLANG_WARN_EMPTY_BODY = YES;
				CLANG_WARN_ENUM_CONVERSION = YES;
				CLANG_WARN_INFINITE_RECURSION = YES;
				CLANG_WARN_INT_CONVERSION = YES;
				CLANG_WARN_NON_LITERAL_NULL_CONVERSION = YES;
				CLANG_WARN_OBJC_IMPLICIT_RETAIN_SELF = YES;
				CLANG_WARN_OBJC_LITERAL_CONVERSION = YES;
				CLANG_WARN_OBJC_ROOT_CLASS = YES_ERROR;
				CLANG_WARN_RANGE_LOOP_ANALYSIS = YES;
				CLANG_WARN_STRICT_PROTOTYPES = YES;
				CLANG_WARN_SUSPICIOUS_MOVE = YES;
				CLANG_WARN_UNGUARDED_AVAILABILITY = YES_AGGRESSIVE;
				CLANG_WARN_UNREACHABLE_CODE = YES;
				CLANG_WARN__DUPLICATE_METHOD_MATCH = YES;
				CODE_SIGN_IDENTITY = "iPhone Developer";
				COPY_PHASE_STRIP = NO;
				DEBUG_INFORMATION_FORMAT = "dwarf-with-dsym";
				ENABLE_NS_ASSERTIONS = NO;
				ENABLE_STRICT_OBJC_MSGSEND = YES;
				GCC_C_LANGUAGE_STANDARD = gnu11;
				GCC_NO_COMMON_BLOCKS = YES;
				GCC_WARN_64_TO_32_BIT_CONVERSION = YES;
				GCC_WARN_ABOUT_RETURN_TYPE = YES_ERROR;
				GCC_WARN_UNDECLARED_SELECTOR = YES;
				GCC_WARN_UNINITIALIZED_AUTOS = YES_AGGRESSIVE;
				GCC_WARN_UNUSED_FUNCTION = YES;
				GCC_WARN_UNUSED_VARIABLE = YES;
				IPHONEOS_DEPLOYMENT_TARGET = 12.2;
				MTL_ENABLE_DEBUG_INFO = NO;
				MTL_FAST_MATH = YES;
				SDKROOT = iphoneos;
				SWIFT_COMPILATION_MODE = wholemodule;
				SWIFT_OPTIMIZATION_LEVEL = "-O";
				VALIDATE_PRODUCT = YES;
			};
			name = Release;
		};
		8D2BEB70225EE131006E345B /* Debug */ = {
			isa = XCBuildConfiguration;
			buildSettings = {
				ASSETCATALOG_COMPILER_APPICON_NAME = AppIcon;
				ASSETCATALOG_COMPILER_LAUNCHIMAGE_NAME = LaunchImage;
				CODE_SIGN_STYLE = Automatic;
				INFOPLIST_FILE = DYZB/Info.plist;
				IPHONEOS_DEPLOYMENT_TARGET = 9.0;
				LD_RUNPATH_SEARCH_PATHS = (
					"$(inherited)",
					"@executable_path/Frameworks",
				);
				PRODUCT_BUNDLE_IDENTIFIER = ShareBonusNetWork.DYZB;
				PRODUCT_NAME = "$(TARGET_NAME)";
				SWIFT_VERSION = 5.0;
				TARGETED_DEVICE_FAMILY = "1,2";
			};
			name = Debug;
		};
		8D2BEB71225EE131006E345B /* Release */ = {
			isa = XCBuildConfiguration;
			buildSettings = {
				ASSETCATALOG_COMPILER_APPICON_NAME = AppIcon;
				ASSETCATALOG_COMPILER_LAUNCHIMAGE_NAME = LaunchImage;
				CODE_SIGN_STYLE = Automatic;
				INFOPLIST_FILE = DYZB/Info.plist;
				IPHONEOS_DEPLOYMENT_TARGET = 9.0;
				LD_RUNPATH_SEARCH_PATHS = (
					"$(inherited)",
					"@executable_path/Frameworks",
				);
				PRODUCT_BUNDLE_IDENTIFIER = ShareBonusNetWork.DYZB;
				PRODUCT_NAME = "$(TARGET_NAME)";
				SWIFT_VERSION = 5.0;
				TARGETED_DEVICE_FAMILY = "1,2";
			};
			name = Release;
		};
/* End XCBuildConfiguration section */

/* Begin XCConfigurationList section */
		8D2BEB58225EE12F006E345B /* Build configuration list for PBXProject "DYZB" */ = {
			isa = XCConfigurationList;
			buildConfigurations = (
				8D2BEB6D225EE131006E345B /* Debug */,
				8D2BEB6E225EE131006E345B /* Release */,
			);
			defaultConfigurationIsVisible = 0;
			defaultConfigurationName = Release;
		};
		8D2BEB6F225EE131006E345B /* Build configuration list for PBXNativeTarget "DYZB" */ = {
			isa = XCConfigurationList;
			buildConfigurations = (
				8D2BEB70225EE131006E345B /* Debug */,
				8D2BEB71225EE131006E345B /* Release */,
			);
			defaultConfigurationIsVisible = 0;
			defaultConfigurationName = Release;
		};
/* End XCConfigurationList section */
	};
	rootObject = 8D2BEB55225EE12F006E345B /* Project object */;
}
